
Microsoft Visual Studio Solution File, Format Version 12.00
# Visual Studio Version 17
VisualStudioVersion = 17.10.35122.118
MinimumVisualStudioVersion = 10.0.40219.1
Project("{9A19103F-16F7-4668-BE54-9A1E7A4F7556}") = "TrainingApp", "TrainingApp\TrainingApp.csproj", "{E858ED65-1C89-4A1F-B2E3-70613918E932}"
EndProject
Project("{FAE04EC0-301F-11D3-BF4B-00C04F79EFBC}") = "BaseApp.Core", "BaseApp.Core\BaseApp.Core.csproj", "{6F689979-1D83-46E1-9C73-4ADBB28B0687}"
EndProject
Project("{FAE04EC0-301F-11D3-BF4B-00C04F79EFBC}") = "BaseApp.Core.Entities", "BaseApp.Core.Entities\BaseApp.Core.Entities.csproj", "{876F750B-2BFD-4101-A5A3-D251BD0957D9}"
EndProject
Global
	GlobalSection(SolutionConfigurationPlatforms) = preSolution
		Debug|Any CPU = Debug|Any CPU
		Release|Any CPU = Release|Any CPU
	EndGlobalSection
	GlobalSection(ProjectConfigurationPlatforms) = postSolution
		{E858ED65-1C89-4A1F-B2E3-70613918E932}.Debug|Any CPU.ActiveCfg = Debug|Any CPU
		{E858ED65-1C89-4A1F-B2E3-70613918E932}.Debug|Any CPU.Build.0 = Debug|Any CPU
		{E858ED65-1C89-4A1F-B2E3-70613918E932}.Debug|Any CPU.Deploy.0 = Debug|Any CPU
		{E858ED65-1C89-4A1F-B2E3-70613918E932}.Release|Any CPU.ActiveCfg = Release|Any CPU
		{E858ED65-1C89-4A1F-B2E3-70613918E932}.Release|Any CPU.Build.0 = Release|Any CPU
		{E858ED65-1C89-4A1F-B2E3-70613918E932}.Release|Any CPU.Deploy.0 = Release|Any CPU
		{6F689979-1D83-46E1-9C73-4ADBB28B0687}.Debug|Any CPU.ActiveCfg = Debug|Any CPU
		{6F689979-1D83-46E1-9C73-4ADBB28B0687}.Debug|Any CPU.Build.0 = Debug|Any CPU
		{6F689979-1D83-46E1-9C73-4ADBB28B0687}.Release|Any CPU.ActiveCfg = Release|Any CPU
		{6F689979-1D83-46E1-9C73-4ADBB28B0687}.Release|Any CPU.Build.0 = Release|Any CPU
		{876F750B-2BFD-4101-A5A3-D251BD0957D9}.Debug|Any CPU.ActiveCfg = Debug|Any CPU
		{876F750B-2BFD-4101-A5A3-D251BD0957D9}.Debug|Any CPU.Build.0 = Debug|Any CPU
		{876F750B-2BFD-4101-A5A3-D251BD0957D9}.Release|Any CPU.ActiveCfg = Release|Any CPU
		{876F750B-2BFD-4101-A5A3-D251BD0957D9}.Release|Any CPU.Build.0 = Release|Any CPU
	EndGlobalSection
	GlobalSection(SolutionProperties) = preSolution
		HideSolutionNode = FALSE
	EndGlobalSection
	GlobalSection(ExtensibilityGlobals) = postSolution
		SolutionGuid = {30969521-96C1-44C7-973C-6CFED9E7B5B3}
	EndGlobalSection
EndGlobal
